
Microsoft Visual Studio Solution File, Format Version 12.00
# Visual Studio Version 17
VisualStudioVersion = 17.0.32112.339
MinimumVisualStudioVersion = 10.0.40219.1
Project("{FAE04EC0-301F-11D3-BF4B-00C04F79EFBC}") = "Primeiro", "Primeiro\Primeiro.csproj", "{8B2196B9-A6E3-4B26-982A-5994B1CD2AEC}"
EndProject
Global
	GlobalSection(SolutionConfigurationPlatforms) = preSolution
		Debug|Any CPU = Debug|Any CPU
		Release|Any CPU = Release|Any CPU
	EndGlobalSection
	GlobalSection(ProjectConfigurationPlatforms) = postSolution
		{8B2196B9-A6E3-4B26-982A-5994B1CD2AEC}.Debug|Any CPU.ActiveCfg = Debug|Any CPU
		{8B2196B9-A6E3-4B26-982A-5994B1CD2AEC}.Debug|Any CPU.Build.0 = Debug|Any CPU
		{8B2196B9-A6E3-4B26-982A-5994B1CD2AEC}.Release|Any CPU.ActiveCfg = Release|Any CPU
		{8B2196B9-A6E3-4B26-982A-5994B1CD2AEC}.Release|Any CPU.Build.0 = Release|Any CPU
	EndGlobalSection
	GlobalSection(SolutionProperties) = preSolution
		HideSolutionNode = FALSE
	EndGlobalSection
	GlobalSection(ExtensibilityGlobals) = postSolution
		SolutionGuid = {C6216B9A-079A-418E-BDB7-75BA90EC8308}
	EndGlobalSection
EndGlobal
